
Microsoft Visual Studio Solution File, Format Version 12.00
# Visual Studio 15
VisualStudioVersion = 15.0.27428.2015
MinimumVisualStudioVersion = 10.0.40219.1
Project("{FAE04EC0-301F-11D3-BF4B-00C04F79EFBC}") = "Memory", "Memory\Memory.csproj", "{97758DC8-1814-490D-BF39-364CF3888182}"
EndProject
Global
	GlobalSection(SolutionConfigurationPlatforms) = preSolution
		Debug|Any CPU = Debug|Any CPU
		Release|Any CPU = Release|Any CPU
	EndGlobalSection
	GlobalSection(ProjectConfigurationPlatforms) = postSolution
		{97758DC8-1814-490D-BF39-364CF3888182}.Debug|Any CPU.ActiveCfg = Debug|Any CPU
		{97758DC8-1814-490D-BF39-364CF3888182}.Debug|Any CPU.Build.0 = Debug|Any CPU
		{97758DC8-1814-490D-BF39-364CF3888182}.Release|Any CPU.ActiveCfg = Release|Any CPU
		{97758DC8-1814-490D-BF39-364CF3888182}.Release|Any CPU.Build.0 = Release|Any CPU
	EndGlobalSection
	GlobalSection(SolutionProperties) = preSolution
		HideSolutionNode = FALSE
	EndGlobalSection
	GlobalSection(ExtensibilityGlobals) = postSolution
		SolutionGuid = {89AD829B-4898-4E8A-8C99-C4CF71192362}
	EndGlobalSection
EndGlobal
